
Microsoft Visual Studio Solution File, Format Version 12.00
# Visual Studio Version 17
VisualStudioVersion = 17.3.32811.315
MinimumVisualStudioVersion = 10.0.40219.1
Project("{8BC9CEB8-8B4A-11D0-8D11-00A0C91BC942}") = "Engine", "1. Project\Engine\Engine.vcxproj", "{DB45BA25-DD7D-40A1-B974-9A48984BE5A3}"
EndProject
Project("{8BC9CEB8-8B4A-11D0-8D11-00A0C91BC942}") = "Dll1", "1. Project\Dll1\Dll1.vcxproj", "{39D9BAFD-477E-4873-9524-0D74876D8C46}"
EndProject
Project("{8BC9CEB8-8B4A-11D0-8D11-00A0C91BC942}") = "Client", "1. Project\Client\Client.vcxproj", "{88C031B0-7C1B-4852-A0BD-3B208288221F}"
EndProject
Global
	GlobalSection(SolutionConfigurationPlatforms) = preSolution
		Debug|x64 = Debug|x64
		Debug|x86 = Debug|x86
		Release|x64 = Release|x64
		Release|x86 = Release|x86
	EndGlobalSection
	GlobalSection(ProjectConfigurationPlatforms) = postSolution
		{DB45BA25-DD7D-40A1-B974-9A48984BE5A3}.Debug|x64.ActiveCfg = Debug|x64
		{DB45BA25-DD7D-40A1-B974-9A48984BE5A3}.Debug|x64.Build.0 = Debug|x64
		{DB45BA25-DD7D-40A1-B974-9A48984BE5A3}.Debug|x86.ActiveCfg = Debug|Win32
		{DB45BA25-DD7D-40A1-B974-9A48984BE5A3}.Debug|x86.Build.0 = Debug|Win32
		{DB45BA25-DD7D-40A1-B974-9A48984BE5A3}.Release|x64.ActiveCfg = Release|x64
		{DB45BA25-DD7D-40A1-B974-9A48984BE5A3}.Release|x64.Build.0 = Release|x64
		{DB45BA25-DD7D-40A1-B974-9A48984BE5A3}.Release|x86.ActiveCfg = Release|Win32
		{DB45BA25-DD7D-40A1-B974-9A48984BE5A3}.Release|x86.Build.0 = Release|Win32
		{39D9BAFD-477E-4873-9524-0D74876D8C46}.Debug|x64.ActiveCfg = Debug|x64
		{39D9BAFD-477E-4873-9524-0D74876D8C46}.Debug|x64.Build.0 = Debug|x64
		{39D9BAFD-477E-4873-9524-0D74876D8C46}.Debug|x86.ActiveCfg = Debug|Win32
		{39D9BAFD-477E-4873-9524-0D74876D8C46}.Debug|x86.Build.0 = Debug|Win32
		{39D9BAFD-477E-4873-9524-0D74876D8C46}.Release|x64.ActiveCfg = Release|x64
		{39D9BAFD-477E-4873-9524-0D74876D8C46}.Release|x64.Build.0 = Release|x64
		{39D9BAFD-477E-4873-9524-0D74876D8C46}.Release|x86.ActiveCfg = Release|Win32
		{39D9BAFD-477E-4873-9524-0D74876D8C46}.Release|x86.Build.0 = Release|Win32
		{88C031B0-7C1B-4852-A0BD-3B208288221F}.Debug|x64.ActiveCfg = Debug|x64
		{88C031B0-7C1B-4852-A0BD-3B208288221F}.Debug|x64.Build.0 = Debug|x64
		{88C031B0-7C1B-4852-A0BD-3B208288221F}.Debug|x86.ActiveCfg = Debug|Win32
		{88C031B0-7C1B-4852-A0BD-3B208288221F}.Debug|x86.Build.0 = Debug|Win32
		{88C031B0-7C1B-4852-A0BD-3B208288221F}.Release|x64.ActiveCfg = Release|x64
		{88C031B0-7C1B-4852-A0BD-3B208288221F}.Release|x64.Build.0 = Release|x64
		{88C031B0-7C1B-4852-A0BD-3B208288221F}.Release|x86.ActiveCfg = Release|Win32
		{88C031B0-7C1B-4852-A0BD-3B208288221F}.Release|x86.Build.0 = Release|Win32
	EndGlobalSection
	GlobalSection(SolutionProperties) = preSolution
		HideSolutionNode = FALSE
	EndGlobalSection
	GlobalSection(ExtensibilityGlobals) = postSolution
		SolutionGuid = {796B8A3B-1939-4768-A012-A6436FE9E3C1}
	EndGlobalSection
EndGlobal
