<?xml version="1.0" encoding="utf-8"?>
<Project ToolsVersion="4.0" xmlns="http://schemas.microsoft.com/developer/msbuild/2003">
  <ItemGroup>
    <Filter Include="Default">
      <UniqueIdentifier>{ea8efbf2-42d5-45ec-9dec-0b66da89792d}</UniqueIdentifier>
    </Filter>
    <Filter Include="Default\리소스 파일">
      <UniqueIdentifier>{67DA6AB6-F800-4c08-8B7A-83BB121AAD01}</UniqueIdentifier>
      <Extensions>rc;ico;cur;bmp;dlg;rc2;rct;bin;rgs;gif;jpg;jpeg;jpe;resx;tiff;tif;png;wav;mfcribbon-ms</Extensions>
    </Filter>
    <Filter Include="Scripts">
      <UniqueIdentifier>{3dafcd8a-e5bc-46ab-a9c5-364b7636c182}</UniqueIdentifier>
    </Filter>
    <Filter Include="ScriptMgr">
      <UniqueIdentifier>{cd659ce7-f559-4c6c-bebb-52d0eb176308}</UniqueIdentifier>
    </Filter>
    <Filter Include="Scripts\01. CameraScript">
      <UniqueIdentifier>{afe33cda-d080-42e2-a59e-8ed4f052dc7d}</UniqueIdentifier>
    </Filter>
    <Filter Include="Scripts\02. InterfaceScript">
      <UniqueIdentifier>{f6716284-5fdd-4a95-8068-aade82801d9b}</UniqueIdentifier>
    </Filter>
    <Filter Include="Scripts\03. LevelScript">
      <UniqueIdentifier>{0725695f-5bc2-408a-8099-49588030a459}</UniqueIdentifier>
    </Filter>
    <Filter Include="Scripts\04. MouseScript">
      <UniqueIdentifier>{c582bc89-28e5-408f-8959-641c3df294d9}</UniqueIdentifier>
    </Filter>
    <Filter Include="Scripts\05. CommandCenterScript">
      <UniqueIdentifier>{bda46d3b-75c4-4b08-b705-59aae8fa3f85}</UniqueIdentifier>
    </Filter>
    <Filter Include="Scripts\07. TerrainScript">
      <UniqueIdentifier>{013d2409-0d9c-4196-a1a7-719c8d67df0d}</UniqueIdentifier>
    </Filter>
    <Filter Include="Scripts\08. TileScript">
      <UniqueIdentifier>{aaade477-57a7-4e18-8268-7dc03f72ecb5}</UniqueIdentifier>
    </Filter>
    <Filter Include="Scripts\09. ColonistScript">
      <UniqueIdentifier>{4bb62241-6b17-4b08-a980-f94bc2bafc96}</UniqueIdentifier>
    </Filter>
    <Filter Include="Scripts\09. ColonistScript\01. TentScript">
      <UniqueIdentifier>{620f89fa-6c54-4947-8977-522de15a1552}</UniqueIdentifier>
    </Filter>
    <Filter Include="Scripts\09. ColonistScript\02. HuntScript">
      <UniqueIdentifier>{316aaaa1-3b62-4515-a969-44d85b0ea4d4}</UniqueIdentifier>
    </Filter>
    <Filter Include="Scripts\09. ColonistScript\03. SawScript">
      <UniqueIdentifier>{bb6b0e5d-dbf0-4355-9f5b-6235d9a01d30}</UniqueIdentifier>
    </Filter>
    <Filter Include="Scripts\09. ColonistScript\04. QuarryScript">
      <UniqueIdentifier>{4c495ff9-5422-4b55-8f02-13eb2fc9de6a}</UniqueIdentifier>
    </Filter>
    <Filter Include="Scripts\10. Mineral">
      <UniqueIdentifier>{9e876adf-8e8a-48f2-be4a-3bf2424d9eab}</UniqueIdentifier>
    </Filter>
    <Filter Include="Scripts\10. Mineral\01. CCrystalScript">
      <UniqueIdentifier>{87a398cf-cfa2-43dc-acf7-cfecd0061ef0}</UniqueIdentifier>
    </Filter>
    <Filter Include="Scripts\10. Mineral\02. TreeScript">
      <UniqueIdentifier>{811d0f94-1459-4de0-92cb-adace6ee11cb}</UniqueIdentifier>
    </Filter>
    <Filter Include="Scripts\11. IndustryScript">
      <UniqueIdentifier>{f439b675-75a4-476e-ad12-355641b70a67}</UniqueIdentifier>
    </Filter>
    <Filter Include="Scripts\11. IndustryScript\01. CSCScript">
      <UniqueIdentifier>{d31c11a9-6c12-4d05-9c78-348b58948866}</UniqueIdentifier>
    </Filter>
    <Filter Include="Scripts\11. IndustryScript\02. CWWSScript">
      <UniqueIdentifier>{3c2dcaae-0c6f-47e4-a532-18f92c1e3110}</UniqueIdentifier>
    </Filter>
    <Filter Include="Scripts\11. IndustryScript\03. POSScript">
      <UniqueIdentifier>{42a89723-3237-4cbb-ae6d-9480d032e6eb}</UniqueIdentifier>
    </Filter>
    <Filter Include="Scripts\12. WoodWall">
      <UniqueIdentifier>{1e659385-dfbf-484d-b889-e53188e350b6}</UniqueIdentifier>
    </Filter>
    <Filter Include="Scripts\12. WoodWall\CWWCScript">
      <UniqueIdentifier>{44762308-a9fa-4e62-8a4c-23a229609222}</UniqueIdentifier>
    </Filter>
    <Filter Include="Scripts\13. UnitScript">
      <UniqueIdentifier>{592bdacd-93c7-4d75-815d-cbef1e27505e}</UniqueIdentifier>
    </Filter>
    <Filter Include="Scripts\02. InterfaceScript\14. CircleArrowScript">
      <UniqueIdentifier>{fdff9788-c38b-44b2-b612-4149fa4f9b78}</UniqueIdentifier>
    </Filter>
    <Filter Include="Scripts\02. InterfaceScript\06. TapButtonScript">
      <UniqueIdentifier>{2abe6ad2-9ecd-4729-9305-cee8a8251b9e}</UniqueIdentifier>
    </Filter>
    <Filter Include="Scripts\13. UnitScript\01. Player">
      <UniqueIdentifier>{be925e4b-ee70-472a-b11e-cab02875e97a}</UniqueIdentifier>
    </Filter>
    <Filter Include="Scripts\13. UnitScript\01. Player\01. CSoldierScript">
      <UniqueIdentifier>{16d1101d-2856-4c4b-9587-fc9ba54c00a5}</UniqueIdentifier>
    </Filter>
    <Filter Include="Scripts\13. UnitScript\01. Player\09. CTitanScript">
      <UniqueIdentifier>{c8433df0-7213-4c2b-b909-36266e46dd99}</UniqueIdentifier>
    </Filter>
    <Filter Include="Scripts\13. UnitScript\01. Player\08. CRangerScript">
      <UniqueIdentifier>{7d48cd0d-800d-4c7e-a5c3-b95652a3ddfe}</UniqueIdentifier>
    </Filter>
    <Filter Include="Scripts\13. UnitScript\01. Player\08. CRangerScript\01. CArrowScript">
      <UniqueIdentifier>{541bc8d6-7a11-443d-92ae-047112c5f324}</UniqueIdentifier>
    </Filter>
    <Filter Include="Scripts\13. UnitScript\01. Player\07. CSniperScript">
      <UniqueIdentifier>{96f4559b-0c16-47c3-94d0-287fdedca88e}</UniqueIdentifier>
    </Filter>
    <Filter Include="Scripts\13. UnitScript\02. Enemy">
      <UniqueIdentifier>{762007c3-ad43-4073-8b7f-8cfa68d2d167}</UniqueIdentifier>
    </Filter>
    <Filter Include="Scripts\13. UnitScript\02. Enemy\02. CInfectedGiantScript">
      <UniqueIdentifier>{03cca6b9-932c-4609-83a3-f22fe7188d3c}</UniqueIdentifier>
    </Filter>
    <Filter Include="Scripts\13. UnitScript\02. Enemy\03. CInfectedMedium_A">
      <UniqueIdentifier>{9a1f36d5-0ddb-415c-921d-2843a9144051}</UniqueIdentifier>
    </Filter>
    <Filter Include="Scripts\13. UnitScript\02. Enemy\04. CInfectedMedium_B">
      <UniqueIdentifier>{b150eaa9-ee36-4bad-89ad-abeba1185911}</UniqueIdentifier>
    </Filter>
    <Filter Include="Scripts\13. UnitScript\02. Enemy\05. CInfectedString_A">
      <UniqueIdentifier>{2bbfe8aa-a9da-49f3-827d-c5f6ae18a78a}</UniqueIdentifier>
    </Filter>
    <Filter Include="Scripts\13. UnitScript\02. Enemy\06. CInfectedVenom">
      <UniqueIdentifier>{7b5c5c26-8f1e-47f3-8cdc-87ae43c1d055}</UniqueIdentifier>
    </Filter>
    <Filter Include="Scripts\02. InterfaceScript\15. CUiScript">
      <UniqueIdentifier>{1a44fd7d-b5d9-4747-9b15-1e133f816e7d}</UniqueIdentifier>
    </Filter>
    <Filter Include="Scripts\11. IndustryScript\04. TeslaTower">
      <UniqueIdentifier>{61e4561f-317b-460c-974c-5e1b7cc210c0}</UniqueIdentifier>
    </Filter>
    <Filter Include="Scripts\14. EffectScript">
      <UniqueIdentifier>{a9baccde-08e9-4aaa-87e4-7e94be40cf26}</UniqueIdentifier>
    </Filter>
    <Filter Include="Scripts\15. AssistScript">
      <UniqueIdentifier>{a12749ec-0247-4a8e-a217-721d4b07e3b3}</UniqueIdentifier>
    </Filter>
    <Filter Include="Scripts\15. AssistScript\01. AssistScript">
      <UniqueIdentifier>{a6605f71-f95d-4b9d-9546-823ddb81a158}</UniqueIdentifier>
    </Filter>
  </ItemGroup>
  <ItemGroup>
    <ClInclude Include="CDragScript.h">
      <Filter>Scripts</Filter>
    </ClInclude>
    <ClInclude Include="CLightScript.h">
      <Filter>Scripts</Filter>
    </ClInclude>
    <ClInclude Include="CMissileScript.h">
      <Filter>Scripts</Filter>
    </ClInclude>
    <ClInclude Include="CMissileScript2.h">
      <Filter>Scripts</Filter>
    </ClInclude>
    <ClInclude Include="CMonsterScript.h">
      <Filter>Scripts</Filter>
    </ClInclude>
    <ClInclude Include="CPlayerScript.h">
      <Filter>Scripts</Filter>
    </ClInclude>
    <ClInclude Include="CRefAniScript.h">
      <Filter>Scripts</Filter>
    </ClInclude>
    <ClInclude Include="CSelectUnitScript.h">
      <Filter>Scripts</Filter>
    </ClInclude>
    <ClInclude Include="CShadowScript.h">
      <Filter>Scripts</Filter>
    </ClInclude>
    <ClInclude Include="CScriptMgr.h">
      <Filter>ScriptMgr</Filter>
    </ClInclude>
    <ClInclude Include="framework.h">
      <Filter>Default</Filter>
    </ClInclude>
    <ClInclude Include="pch.h">
      <Filter>Default</Filter>
    </ClInclude>
    <ClInclude Include="CEditorMouseScript.h">
      <Filter>Scripts</Filter>
    </ClInclude>
    <ClInclude Include="CLevelCameraScript.h">
      <Filter>Scripts\01. CameraScript</Filter>
    </ClInclude>
    <ClInclude Include="CTileScript.h">
      <Filter>Scripts\08. TileScript</Filter>
    </ClInclude>
    <ClInclude Include="CTerrainScript.h">
      <Filter>Scripts\07. TerrainScript</Filter>
    </ClInclude>
    <ClInclude Include="CInterfaceScript.h">
      <Filter>Scripts\02. InterfaceScript</Filter>
    </ClInclude>
    <ClInclude Include="CButtonScript.h">
      <Filter>Scripts\02. InterfaceScript\06. TapButtonScript</Filter>
    </ClInclude>
    <ClInclude Include="CMouseScript.h">
      <Filter>Scripts\04. MouseScript</Filter>
    </ClInclude>
    <ClInclude Include="CCommandScript.h">
      <Filter>Scripts\05. CommandCenterScript</Filter>
    </ClInclude>
    <ClInclude Include="CTentScript.h">
      <Filter>Scripts\09. ColonistScript\01. TentScript</Filter>
    </ClInclude>
    <ClInclude Include="CHuntScript.h">
      <Filter>Scripts\09. ColonistScript\02. HuntScript</Filter>
    </ClInclude>
    <ClInclude Include="CCrystalScript.h">
      <Filter>Scripts\10. Mineral\01. CCrystalScript</Filter>
    </ClInclude>
    <ClInclude Include="CSawScript.h">
      <Filter>Scripts\09. ColonistScript\03. SawScript</Filter>
    </ClInclude>
    <ClInclude Include="CQuarryScript.h">
      <Filter>Scripts\09. ColonistScript\04. QuarryScript</Filter>
    </ClInclude>
    <ClInclude Include="CTreeScript.h">
      <Filter>Scripts\10. Mineral\02. TreeScript</Filter>
    </ClInclude>
    <ClInclude Include="CSCScript.h">
      <Filter>Scripts\11. IndustryScript\01. CSCScript</Filter>
    </ClInclude>
    <ClInclude Include="CWWSScript.h">
      <Filter>Scripts\11. IndustryScript\02. CWWSScript</Filter>
    </ClInclude>
    <ClInclude Include="CPOSScript.h">
      <Filter>Scripts\11. IndustryScript\03. POSScript</Filter>
    </ClInclude>
    <ClInclude Include="CWWallScript.h">
      <Filter>Scripts\12. WoodWall</Filter>
    </ClInclude>
    <ClInclude Include="CWWCScript.h">
      <Filter>Scripts\12. WoodWall\CWWCScript</Filter>
    </ClInclude>
    <ClInclude Include="CSoldierScript.h">
      <Filter>Scripts\13. UnitScript\01. Player\01. CSoldierScript</Filter>
    </ClInclude>
    <ClInclude Include="CInfectedGiantScript.h">
      <Filter>Scripts\13. UnitScript\02. Enemy\02. CInfectedGiantScript</Filter>
    </ClInclude>
    <ClInclude Include="CInfectedMedium_A.h">
      <Filter>Scripts\13. UnitScript\02. Enemy\03. CInfectedMedium_A</Filter>
    </ClInclude>
    <ClInclude Include="CInfectedMedium_B.h">
      <Filter>Scripts\13. UnitScript\02. Enemy\04. CInfectedMedium_B</Filter>
    </ClInclude>
    <ClInclude Include="CInfectedStrong_A.h">
      <Filter>Scripts\13. UnitScript\02. Enemy\05. CInfectedString_A</Filter>
    </ClInclude>
    <ClInclude Include="CInfectedVenom.h">
      <Filter>Scripts\13. UnitScript\02. Enemy\06. CInfectedVenom</Filter>
    </ClInclude>
    <ClInclude Include="CSniperScript.h">
      <Filter>Scripts\13. UnitScript\01. Player\07. CSniperScript</Filter>
    </ClInclude>
    <ClInclude Include="CRangerScript.h">
      <Filter>Scripts\13. UnitScript\01. Player\08. CRangerScript</Filter>
    </ClInclude>
    <ClInclude Include="CArrowScript.h">
      <Filter>Scripts\13. UnitScript\01. Player\08. CRangerScript\01. CArrowScript</Filter>
    </ClInclude>
    <ClInclude Include="CTitanScript.h">
      <Filter>Scripts\13. UnitScript\01. Player\09. CTitanScript</Filter>
    </ClInclude>
    <ClInclude Include="CCircleArrowScript.h">
      <Filter>Scripts\02. InterfaceScript\14. CircleArrowScript</Filter>
    </ClInclude>
    <ClInclude Include="CUiScript.h">
      <Filter>Scripts\02. InterfaceScript\15. CUiScript</Filter>
    </ClInclude>
    <ClInclude Include="CTeslaTowerScript.h">
      <Filter>Scripts\11. IndustryScript\04. TeslaTower</Filter>
    </ClInclude>
    <ClInclude Include="CEffectScript.h">
      <Filter>Scripts\14. EffectScript</Filter>
    </ClInclude>
    <ClInclude Include="CAssistScript.h">
      <Filter>Scripts\15. AssistScript\01. AssistScript</Filter>
    </ClInclude>
  </ItemGroup>
  <ItemGroup>
    <ClCompile Include="CDragScript.cpp">
      <Filter>Scripts</Filter>
    </ClCompile>
    <ClCompile Include="CLightScript.cpp">
      <Filter>Scripts</Filter>
    </ClCompile>
    <ClCompile Include="CMissileScript.cpp">
      <Filter>Scripts</Filter>
    </ClCompile>
    <ClCompile Include="CMissileScript2.cpp">
      <Filter>Scripts</Filter>
    </ClCompile>
    <ClCompile Include="CMonsterScript.cpp">
      <Filter>Scripts</Filter>
    </ClCompile>
    <ClCompile Include="CPlayerScript.cpp">
      <Filter>Scripts</Filter>
    </ClCompile>
    <ClCompile Include="CRefAniScript.cpp">
      <Filter>Scripts</Filter>
    </ClCompile>
    <ClCompile Include="CSelectUnitScript.cpp">
      <Filter>Scripts</Filter>
    </ClCompile>
    <ClCompile Include="CShadowScript.cpp">
      <Filter>Scripts</Filter>
    </ClCompile>
    <ClCompile Include="CScriptMgr.cpp">
      <Filter>ScriptMgr</Filter>
    </ClCompile>
    <ClCompile Include="pch.cpp">
      <Filter>Default</Filter>
    </ClCompile>
    <ClCompile Include="Script.cpp">
      <Filter>Default</Filter>
    </ClCompile>
    <ClCompile Include="CEditorMouseScript.cpp">
      <Filter>Scripts</Filter>
    </ClCompile>
    <ClCompile Include="CLevelCameraScript.cpp">
      <Filter>Scripts\01. CameraScript</Filter>
    </ClCompile>
    <ClCompile Include="CTileScript.cpp">
      <Filter>Scripts\08. TileScript</Filter>
    </ClCompile>
    <ClCompile Include="CTerrainScript.cpp">
      <Filter>Scripts\07. TerrainScript</Filter>
    </ClCompile>
    <ClCompile Include="CInterfaceScript.cpp">
      <Filter>Scripts\02. InterfaceScript</Filter>
    </ClCompile>
    <ClCompile Include="CButtonScript.cpp">
      <Filter>Scripts\02. InterfaceScript\06. TapButtonScript</Filter>
    </ClCompile>
    <ClCompile Include="CMouseScript.cpp">
      <Filter>Scripts\04. MouseScript</Filter>
    </ClCompile>
    <ClCompile Include="CCommandScript.cpp">
      <Filter>Scripts\05. CommandCenterScript</Filter>
    </ClCompile>
    <ClCompile Include="CTentScript.cpp">
      <Filter>Scripts\09. ColonistScript\01. TentScript</Filter>
    </ClCompile>
    <ClCompile Include="CHuntScript.cpp">
      <Filter>Scripts\09. ColonistScript\02. HuntScript</Filter>
    </ClCompile>
    <ClCompile Include="CCrystalScript.cpp">
      <Filter>Scripts\10. Mineral\01. CCrystalScript</Filter>
    </ClCompile>
    <ClCompile Include="CSawScript.cpp">
      <Filter>Scripts\09. ColonistScript\03. SawScript</Filter>
    </ClCompile>
    <ClCompile Include="CQuarryScript.cpp">
      <Filter>Scripts\09. ColonistScript\04. QuarryScript</Filter>
    </ClCompile>
    <ClCompile Include="CTreeScript.cpp">
      <Filter>Scripts\10. Mineral\02. TreeScript</Filter>
    </ClCompile>
    <ClCompile Include="CSCScript.cpp">
      <Filter>Scripts\11. IndustryScript\01. CSCScript</Filter>
    </ClCompile>
    <ClCompile Include="CWWSScript.cpp">
      <Filter>Scripts\11. IndustryScript\02. CWWSScript</Filter>
    </ClCompile>
    <ClCompile Include="CPOSScript.cpp">
      <Filter>Scripts\11. IndustryScript\03. POSScript</Filter>
    </ClCompile>
    <ClCompile Include="CWWallScript.cpp">
      <Filter>Scripts\12. WoodWall</Filter>
    </ClCompile>
    <ClCompile Include="CWWCScript.cpp">
      <Filter>Scripts\12. WoodWall\CWWCScript</Filter>
    </ClCompile>
    <ClCompile Include="CSoldierScript.cpp">
      <Filter>Scripts\13. UnitScript\01. Player\01. CSoldierScript</Filter>
    </ClCompile>
    <ClCompile Include="CInfectedGiantScript.cpp">
      <Filter>Scripts\13. UnitScript\02. Enemy\02. CInfectedGiantScript</Filter>
    </ClCompile>
    <ClCompile Include="CInfectedMedium_A.cpp">
      <Filter>Scripts\13. UnitScript\02. Enemy\03. CInfectedMedium_A</Filter>
    </ClCompile>
    <ClCompile Include="CInfectedMedium_B.cpp">
      <Filter>Scripts\13. UnitScript\02. Enemy\04. CInfectedMedium_B</Filter>
    </ClCompile>
    <ClCompile Include="CInfectedStrong_A.cpp">
      <Filter>Scripts\13. UnitScript\02. Enemy\05. CInfectedString_A</Filter>
    </ClCompile>
    <ClCompile Include="CInfectedVenom.cpp">
      <Filter>Scripts\13. UnitScript\02. Enemy\06. CInfectedVenom</Filter>
    </ClCompile>
    <ClCompile Include="CSniperScript.cpp">
      <Filter>Scripts\13. UnitScript\01. Player\07. CSniperScript</Filter>
    </ClCompile>
    <ClCompile Include="CRangerScript.cpp">
      <Filter>Scripts\13. UnitScript\01. Player\08. CRangerScript</Filter>
    </ClCompile>
    <ClCompile Include="CArrowScript.cpp">
      <Filter>Scripts\13. UnitScript\01. Player\08. CRangerScript\01. CArrowScript</Filter>
    </ClCompile>
    <ClCompile Include="CTitanScript.cpp">
      <Filter>Scripts\13. UnitScript\01. Player\09. CTitanScript</Filter>
    </ClCompile>
    <ClCompile Include="CCircleArrowScript.cpp">
      <Filter>Scripts\02. InterfaceScript\14. CircleArrowScript</Filter>
    </ClCompile>
    <ClCompile Include="CUiScript.cpp">
      <Filter>Scripts\02. InterfaceScript\15. CUiScript</Filter>
    </ClCompile>
    <ClCompile Include="CTeslaTowerScript.cpp">
      <Filter>Scripts\11. IndustryScript\04. TeslaTower</Filter>
    </ClCompile>
    <ClCompile Include="CEffectScript.cpp">
      <Filter>Scripts\14. EffectScript</Filter>
    </ClCompile>
    <ClCompile Include="AssistScript.cpp">
      <Filter>Scripts\15. AssistScript\01. AssistScript</Filter>
    </ClCompile>
  </ItemGroup>
</Project>