<?xml version="1.0" encoding="utf-8"?>
<Project ToolsVersion="4.0" xmlns="http://schemas.microsoft.com/developer/msbuild/2003">
  <ItemGroup>
    <Filter Include="Default">
      <UniqueIdentifier>{ea8efbf2-42d5-45ec-9dec-0b66da89792d}</UniqueIdentifier>
    </Filter>
    <Filter Include="Default\리소스 파일">
      <UniqueIdentifier>{67DA6AB6-F800-4c08-8B7A-83BB121AAD01}</UniqueIdentifier>
      <Extensions>rc;ico;cur;bmp;dlg;rc2;rct;bin;rgs;gif;jpg;jpeg;jpe;resx;tiff;tif;png;wav;mfcribbon-ms</Extensions>
    </Filter>
    <Filter Include="Scripts">
      <UniqueIdentifier>{3dafcd8a-e5bc-46ab-a9c5-364b7636c182}</UniqueIdentifier>
    </Filter>
    <Filter Include="ScriptMgr">
      <UniqueIdentifier>{cd659ce7-f559-4c6c-bebb-52d0eb176308}</UniqueIdentifier>
    </Filter>
    <Filter Include="Scripts\01. CameraScript">
      <UniqueIdentifier>{afe33cda-d080-42e2-a59e-8ed4f052dc7d}</UniqueIdentifier>
    </Filter>
    <Filter Include="Scripts\02. InterfaceScript">
      <UniqueIdentifier>{f6716284-5fdd-4a95-8068-aade82801d9b}</UniqueIdentifier>
    </Filter>
    <Filter Include="Scripts\03. LevelScript">
      <UniqueIdentifier>{0725695f-5bc2-408a-8099-49588030a459}</UniqueIdentifier>
    </Filter>
    <Filter Include="Scripts\04. MouseScript">
      <UniqueIdentifier>{c582bc89-28e5-408f-8959-641c3df294d9}</UniqueIdentifier>
    </Filter>
    <Filter Include="Scripts\05. CommandCenterScript">
      <UniqueIdentifier>{bda46d3b-75c4-4b08-b705-59aae8fa3f85}</UniqueIdentifier>
    </Filter>
    <Filter Include="Scripts\06. TapButtonScript">
      <UniqueIdentifier>{2abe6ad2-9ecd-4729-9305-cee8a8251b9e}</UniqueIdentifier>
    </Filter>
    <Filter Include="Scripts\07. TerrainScript">
      <UniqueIdentifier>{013d2409-0d9c-4196-a1a7-719c8d67df0d}</UniqueIdentifier>
    </Filter>
    <Filter Include="Scripts\08. TileScript">
      <UniqueIdentifier>{aaade477-57a7-4e18-8268-7dc03f72ecb5}</UniqueIdentifier>
    </Filter>
    <Filter Include="Scripts\09. ColonistScript">
      <UniqueIdentifier>{4bb62241-6b17-4b08-a980-f94bc2bafc96}</UniqueIdentifier>
    </Filter>
    <Filter Include="Scripts\09. ColonistScript\01. TentScript">
      <UniqueIdentifier>{620f89fa-6c54-4947-8977-522de15a1552}</UniqueIdentifier>
    </Filter>
    <Filter Include="Scripts\09. ColonistScript\02. HuntScript">
      <UniqueIdentifier>{316aaaa1-3b62-4515-a969-44d85b0ea4d4}</UniqueIdentifier>
    </Filter>
  </ItemGroup>
  <ItemGroup>
    <ClInclude Include="CDragScript.h">
      <Filter>Scripts</Filter>
    </ClInclude>
    <ClInclude Include="CLightScript.h">
      <Filter>Scripts</Filter>
    </ClInclude>
    <ClInclude Include="CMissileScript.h">
      <Filter>Scripts</Filter>
    </ClInclude>
    <ClInclude Include="CMissileScript2.h">
      <Filter>Scripts</Filter>
    </ClInclude>
    <ClInclude Include="CMonsterScript.h">
      <Filter>Scripts</Filter>
    </ClInclude>
    <ClInclude Include="CPlayerScript.h">
      <Filter>Scripts</Filter>
    </ClInclude>
    <ClInclude Include="CRefAniScript.h">
      <Filter>Scripts</Filter>
    </ClInclude>
    <ClInclude Include="CSelectUnitScript.h">
      <Filter>Scripts</Filter>
    </ClInclude>
    <ClInclude Include="CShadowScript.h">
      <Filter>Scripts</Filter>
    </ClInclude>
    <ClInclude Include="CScriptMgr.h">
      <Filter>ScriptMgr</Filter>
    </ClInclude>
    <ClInclude Include="framework.h">
      <Filter>Default</Filter>
    </ClInclude>
    <ClInclude Include="pch.h">
      <Filter>Default</Filter>
    </ClInclude>
    <ClInclude Include="CEditorMouseScript.h">
      <Filter>Scripts</Filter>
    </ClInclude>
    <ClInclude Include="CLevelCameraScript.h">
      <Filter>Scripts\01. CameraScript</Filter>
    </ClInclude>
    <ClInclude Include="CTileScript.h">
      <Filter>Scripts\08. TileScript</Filter>
    </ClInclude>
    <ClInclude Include="CTerrainScript.h">
      <Filter>Scripts\07. TerrainScript</Filter>
    </ClInclude>
    <ClInclude Include="CInterfaceScript.h">
      <Filter>Scripts\02. InterfaceScript</Filter>
    </ClInclude>
    <ClInclude Include="CButtonScript.h">
      <Filter>Scripts\06. TapButtonScript</Filter>
    </ClInclude>
    <ClInclude Include="CMouseScript.h">
      <Filter>Scripts\04. MouseScript</Filter>
    </ClInclude>
    <ClInclude Include="CCommandScript.h">
      <Filter>Scripts\05. CommandCenterScript</Filter>
    </ClInclude>
    <ClInclude Include="CTentScript.h">
      <Filter>Scripts\09. ColonistScript\01. TentScript</Filter>
    </ClInclude>
    <ClInclude Include="CHuntScript.h">
      <Filter>Scripts\09. ColonistScript\02. HuntScript</Filter>
    </ClInclude>
    <ClInclude Include="CEditTileScript.h">
      <Filter>Scripts\08. TileScript</Filter>
    </ClInclude>
  </ItemGroup>
  <ItemGroup>
    <ClCompile Include="CDragScript.cpp">
      <Filter>Scripts</Filter>
    </ClCompile>
    <ClCompile Include="CLightScript.cpp">
      <Filter>Scripts</Filter>
    </ClCompile>
    <ClCompile Include="CMissileScript.cpp">
      <Filter>Scripts</Filter>
    </ClCompile>
    <ClCompile Include="CMissileScript2.cpp">
      <Filter>Scripts</Filter>
    </ClCompile>
    <ClCompile Include="CMonsterScript.cpp">
      <Filter>Scripts</Filter>
    </ClCompile>
    <ClCompile Include="CPlayerScript.cpp">
      <Filter>Scripts</Filter>
    </ClCompile>
    <ClCompile Include="CRefAniScript.cpp">
      <Filter>Scripts</Filter>
    </ClCompile>
    <ClCompile Include="CSelectUnitScript.cpp">
      <Filter>Scripts</Filter>
    </ClCompile>
    <ClCompile Include="CShadowScript.cpp">
      <Filter>Scripts</Filter>
    </ClCompile>
    <ClCompile Include="CScriptMgr.cpp">
      <Filter>ScriptMgr</Filter>
    </ClCompile>
    <ClCompile Include="pch.cpp">
      <Filter>Default</Filter>
    </ClCompile>
    <ClCompile Include="Script.cpp">
      <Filter>Default</Filter>
    </ClCompile>
    <ClCompile Include="CEditorMouseScript.cpp">
      <Filter>Scripts</Filter>
    </ClCompile>
    <ClCompile Include="CLevelCameraScript.cpp">
      <Filter>Scripts\01. CameraScript</Filter>
    </ClCompile>
    <ClCompile Include="CTileScript.cpp">
      <Filter>Scripts\08. TileScript</Filter>
    </ClCompile>
    <ClCompile Include="CTerrainScript.cpp">
      <Filter>Scripts\07. TerrainScript</Filter>
    </ClCompile>
    <ClCompile Include="CInterfaceScript.cpp">
      <Filter>Scripts\02. InterfaceScript</Filter>
    </ClCompile>
    <ClCompile Include="CButtonScript.cpp">
      <Filter>Scripts\06. TapButtonScript</Filter>
    </ClCompile>
    <ClCompile Include="CMouseScript.cpp">
      <Filter>Scripts\04. MouseScript</Filter>
    </ClCompile>
    <ClCompile Include="CCommandScript.cpp">
      <Filter>Scripts\05. CommandCenterScript</Filter>
    </ClCompile>
    <ClCompile Include="CTentScript.cpp">
      <Filter>Scripts\09. ColonistScript\01. TentScript</Filter>
    </ClCompile>
    <ClCompile Include="CHuntScript.cpp">
      <Filter>Scripts\09. ColonistScript\02. HuntScript</Filter>
    </ClCompile>
    <ClCompile Include="CEditTileScript.cpp">
      <Filter>Scripts\08. TileScript</Filter>
    </ClCompile>
  </ItemGroup>
</Project>