<?xml version="1.0" encoding="utf-8"?>
<Project ToolsVersion="4.0" xmlns="http://schemas.microsoft.com/developer/msbuild/2003">
  <ItemGroup>
    <Filter Include="Engine">
      <UniqueIdentifier>{277fbd1b-83e0-4bc9-8ac5-9e100919a7c1}</UniqueIdentifier>
    </Filter>
    <Filter Include="Default">
      <UniqueIdentifier>{61b1e06f-dd1b-4436-940d-61528747c747}</UniqueIdentifier>
    </Filter>
    <Filter Include="Engine\00. Header">
      <UniqueIdentifier>{592fa50a-6d12-4fab-be43-3bfa73f2c714}</UniqueIdentifier>
    </Filter>
    <Filter Include="Engine\01. Engine">
      <UniqueIdentifier>{27eaf2b7-d78d-4885-95f7-088c006f1d8f}</UniqueIdentifier>
    </Filter>
    <Filter Include="Engine\02. Device">
      <UniqueIdentifier>{08944dae-fbe3-4b99-aa8c-75e5fee09ab5}</UniqueIdentifier>
    </Filter>
    <Filter Include="Engine\03. Manager">
      <UniqueIdentifier>{34087106-7646-432a-8fc9-0fbad4e0e4ec}</UniqueIdentifier>
    </Filter>
    <Filter Include="Engine\04. Level">
      <UniqueIdentifier>{09ca2359-c94b-414f-a832-9e4ba3d949eb}</UniqueIdentifier>
    </Filter>
    <Filter Include="Engine\03. Manager\01. TimeMgr">
      <UniqueIdentifier>{445e69f9-c3c3-4967-871b-fb0721e142ed}</UniqueIdentifier>
    </Filter>
    <Filter Include="Engine\03. Manager\02. KeyMgr">
      <UniqueIdentifier>{cf14f913-05fe-48b6-b8c9-ba695f6d10a8}</UniqueIdentifier>
    </Filter>
    <Filter Include="Engine\03. Manager\03. LevelMgr">
      <UniqueIdentifier>{f7feae34-a06d-4704-8301-4cef73233de8}</UniqueIdentifier>
    </Filter>
    <Filter Include="Engine\03. Manager\04. PathMgr">
      <UniqueIdentifier>{f9f740bc-25f9-45a9-aa9c-21ebdf55f592}</UniqueIdentifier>
    </Filter>
    <Filter Include="Engine\05. GameObject">
      <UniqueIdentifier>{a40e82eb-31fe-4afe-a99d-8be28d5c3729}</UniqueIdentifier>
    </Filter>
    <Filter Include="Engine\06. Component">
      <UniqueIdentifier>{d8988dcd-eb01-4aa0-a88d-a29ed05800d7}</UniqueIdentifier>
    </Filter>
    <Filter Include="Engine\07. Resource">
      <UniqueIdentifier>{d80e8d3b-afbd-4aaf-ba38-9abc2950ff51}</UniqueIdentifier>
    </Filter>
    <Filter Include="Engine\07. Resource\01. Mesh">
      <UniqueIdentifier>{a1804312-74e3-40dc-a52b-cba250110194}</UniqueIdentifier>
    </Filter>
    <Filter Include="Engine\07. Resource\03. Shader">
      <UniqueIdentifier>{aa6bf4c1-086c-45ae-8dbe-787f5d8fa485}</UniqueIdentifier>
    </Filter>
    <Filter Include="HLSL">
      <UniqueIdentifier>{1c9ce558-b92b-4030-a2e9-ecac660b5a98}</UniqueIdentifier>
    </Filter>
    <Filter Include="Engine\07. Resource\03. Shader\ComputeShader">
      <UniqueIdentifier>{7faed8e1-6a75-49c1-a5ce-8504642ced0d}</UniqueIdentifier>
    </Filter>
    <Filter Include="Engine\07. Resource\03. Shader\GraphicsShader">
      <UniqueIdentifier>{6316aa6e-1a41-4bcd-9c2e-015fb38b6472}</UniqueIdentifier>
    </Filter>
    <Filter Include="Engine\02. Device\01. Buffer">
      <UniqueIdentifier>{29130b91-58ac-4395-ac4c-f8ee73166f13}</UniqueIdentifier>
    </Filter>
    <Filter Include="Engine\03. Manager\05. ResMgr">
      <UniqueIdentifier>{23ab1ae7-dcd3-4787-9838-a0aaa1141e21}</UniqueIdentifier>
    </Filter>
    <Filter Include="Engine\06. Component\01. Transform">
      <UniqueIdentifier>{ec1ce3bb-01c3-4488-bda1-ad51ed0a485f}</UniqueIdentifier>
    </Filter>
    <Filter Include="Engine\06. Component\02. RenderComponent">
      <UniqueIdentifier>{3cb2eea6-7252-42d5-bc0d-8c3868072d67}</UniqueIdentifier>
    </Filter>
    <Filter Include="Engine\07. Resource\02. Texture">
      <UniqueIdentifier>{6c47772f-ee51-403e-90b0-0d07a973ce35}</UniqueIdentifier>
    </Filter>
    <Filter Include="Engine\07. Resource\04. Material">
      <UniqueIdentifier>{946a9c26-1aa8-4bc7-89ce-e330a3d0b5d9}</UniqueIdentifier>
    </Filter>
    <Filter Include="Engine\06. Component\03. Script">
      <UniqueIdentifier>{4a669ca0-4bd8-43e2-9fa0-af61701f056d}</UniqueIdentifier>
    </Filter>
    <Filter Include="Engine\08. Scripts">
      <UniqueIdentifier>{4c87c13c-05d4-40b7-b604-35d7f112157d}</UniqueIdentifier>
    </Filter>
    <Filter Include="Engine\06. Component\02. RenderComponent\MeshRender">
      <UniqueIdentifier>{bba20c21-96a3-412f-a030-b874f60c4851}</UniqueIdentifier>
    </Filter>
    <Filter Include="Engine\06. Component\04. Camera">
      <UniqueIdentifier>{7724e083-5eee-4b22-8060-14cd4dab1cf8}</UniqueIdentifier>
    </Filter>
    <Filter Include="Engine\08. Scripts\Module">
      <UniqueIdentifier>{7d8d5f93-81bc-4a20-9605-427e94c8de28}</UniqueIdentifier>
    </Filter>
    <Filter Include="Engine\03. Manager\06. RenderMgr">
      <UniqueIdentifier>{90ca4d70-6f33-4227-b754-d55673fe916f}</UniqueIdentifier>
    </Filter>
    <Filter Include="Engine\03. Manager\07. EventMgr">
      <UniqueIdentifier>{69b49e52-076a-4e05-948b-9d58381bc01c}</UniqueIdentifier>
    </Filter>
    <Filter Include="Engine\09. Optimize">
      <UniqueIdentifier>{7605838f-b108-45c4-928a-9f840da18433}</UniqueIdentifier>
    </Filter>
    <Filter Include="Engine\05. GameObject\Drag">
      <UniqueIdentifier>{dd55ee78-4a56-4f8e-8f49-9ebe8479b490}</UniqueIdentifier>
    </Filter>
    <Filter Include="Engine\08. Scripts\08_1. Mouse">
      <UniqueIdentifier>{c1d20873-2aba-4115-b200-3de8486fd5cf}</UniqueIdentifier>
    </Filter>
    <Filter Include="Engine\03. Manager\08. Prefab">
      <UniqueIdentifier>{ad84ed9d-6344-4abe-bf9a-1c902757f304}</UniqueIdentifier>
    </Filter>
    <Filter Include="Engine\03. Manager\09. CollisionMgr">
      <UniqueIdentifier>{c84a0e5c-7b3e-4ca3-9fe3-e354ded53c3d}</UniqueIdentifier>
    </Filter>
    <Filter Include="Engine\06. Component\05. Collider2D">
      <UniqueIdentifier>{316b5957-65f0-429f-94c6-bc9c00fa85c5}</UniqueIdentifier>
    </Filter>
    <Filter Include="Engine\00. Header\func">
      <UniqueIdentifier>{b4105d7d-8614-471e-b0f5-ce8ad2966fbf}</UniqueIdentifier>
    </Filter>
  </ItemGroup>
  <ItemGroup>
    <ClInclude Include="framework.h">
      <Filter>Default</Filter>
    </ClInclude>
    <ClInclude Include="pch.h">
      <Filter>Default</Filter>
    </ClInclude>
    <ClInclude Include="global.h">
      <Filter>Engine\00. Header</Filter>
    </ClInclude>
    <ClInclude Include="SimpleMath.h">
      <Filter>Engine\08. Scripts\Module</Filter>
    </ClInclude>
    <ClInclude Include="define.h">
      <Filter>Engine\00. Header</Filter>
    </ClInclude>
    <ClInclude Include="struct.h">
      <Filter>Engine\00. Header</Filter>
    </ClInclude>
    <ClInclude Include="CEngine.h">
      <Filter>Engine\01. Engine</Filter>
    </ClInclude>
    <ClInclude Include="CDevice.h">
      <Filter>Engine\02. Device</Filter>
    </ClInclude>
    <ClInclude Include="CEntity.h">
      <Filter>Engine\08. Scripts\Module</Filter>
    </ClInclude>
    <ClInclude Include="CLevel.h">
      <Filter>Engine\04. Level</Filter>
    </ClInclude>
    <ClInclude Include="CTimeMgr.h">
      <Filter>Engine\03. Manager\01. TimeMgr</Filter>
    </ClInclude>
    <ClInclude Include="CKeyMgr.h">
      <Filter>Engine\03. Manager\02. KeyMgr</Filter>
    </ClInclude>
    <ClInclude Include="CLevelMgr.h">
      <Filter>Engine\03. Manager\03. LevelMgr</Filter>
    </ClInclude>
    <ClInclude Include="CPathMgr.h">
      <Filter>Engine\03. Manager\04. PathMgr</Filter>
    </ClInclude>
    <ClInclude Include="CRes.h">
      <Filter>Engine\07. Resource</Filter>
    </ClInclude>
    <ClInclude Include="CMesh.h">
      <Filter>Engine\07. Resource\01. Mesh</Filter>
    </ClInclude>
    <ClInclude Include="CShader.h">
      <Filter>Engine\07. Resource\03. Shader</Filter>
    </ClInclude>
    <ClInclude Include="CResMgr.h">
      <Filter>Engine\03. Manager\05. ResMgr</Filter>
    </ClInclude>
    <ClInclude Include="CConstBuffer.h">
      <Filter>Engine\02. Device\01. Buffer</Filter>
    </ClInclude>
    <ClInclude Include="CComponent.h">
      <Filter>Engine\06. Component</Filter>
    </ClInclude>
    <ClInclude Include="CGameObject.h">
      <Filter>Engine\05. GameObject</Filter>
    </ClInclude>
    <ClInclude Include="CTransform.h">
      <Filter>Engine\06. Component\01. Transform</Filter>
    </ClInclude>
    <ClInclude Include="CLayer.h">
      <Filter>Engine\04. Level</Filter>
    </ClInclude>
    <ClInclude Include="CTexture.h">
      <Filter>Engine\07. Resource\02. Texture</Filter>
    </ClInclude>
    <ClInclude Include="CMaterial.h">
      <Filter>Engine\07. Resource\04. Material</Filter>
    </ClInclude>
    <ClInclude Include="CScript.h">
      <Filter>Engine\06. Component\03. Script</Filter>
    </ClInclude>
    <ClInclude Include="CPlayerScript.h">
      <Filter>Engine\08. Scripts</Filter>
    </ClInclude>
    <ClInclude Include="Ptr.h">
      <Filter>Engine\07. Resource</Filter>
    </ClInclude>
    <ClInclude Include="GlobalComponent.h">
      <Filter>Engine\00. Header</Filter>
    </ClInclude>
    <ClInclude Include="singleton.h">
      <Filter>Engine\00. Header</Filter>
    </ClInclude>
    <ClInclude Include="CRenderComponent.h">
      <Filter>Engine\06. Component\02. RenderComponent</Filter>
    </ClInclude>
    <ClInclude Include="CMeshRender.h">
      <Filter>Engine\06. Component\02. RenderComponent\MeshRender</Filter>
    </ClInclude>
    <ClInclude Include="CMonsterScript.h">
      <Filter>Engine\08. Scripts</Filter>
    </ClInclude>
    <ClInclude Include="d3dUtil.h">
      <Filter>Engine\00. Header</Filter>
    </ClInclude>
    <ClInclude Include="extern.cpp">
      <Filter>Engine\00. Header</Filter>
    </ClInclude>
    <ClInclude Include="CCamera.h">
      <Filter>Engine\06. Component\04. Camera</Filter>
    </ClInclude>
    <ClInclude Include="CCameraScript.h">
      <Filter>Engine\08. Scripts\Module</Filter>
    </ClInclude>
    <ClInclude Include="CGraphicsShader.h">
      <Filter>Engine\07. Resource\03. Shader\GraphicsShader</Filter>
    </ClInclude>
    <ClInclude Include="CRenderMgr.h">
      <Filter>Engine\03. Manager\06. RenderMgr</Filter>
    </ClInclude>
    <ClInclude Include="CEventMgr.h">
      <Filter>Engine\03. Manager\07. EventMgr</Filter>
    </ClInclude>
    <ClInclude Include="QuadTree.h">
      <Filter>Engine\09. Optimize</Filter>
    </ClInclude>
    <ClInclude Include="QuadNode.h">
      <Filter>Engine\09. Optimize</Filter>
    </ClInclude>
    <ClInclude Include="AABB.h">
      <Filter>Engine\09. Optimize</Filter>
    </ClInclude>
    <ClInclude Include="CDrag.h">
      <Filter>Engine\05. GameObject\Drag</Filter>
    </ClInclude>
    <ClInclude Include="CDragScript.h">
      <Filter>Engine\08. Scripts\08_1. Mouse</Filter>
    </ClInclude>
    <ClInclude Include="CPrefab.h">
      <Filter>Engine\03. Manager\08. Prefab</Filter>
    </ClInclude>
    <ClInclude Include="CMissileScript.h">
      <Filter>Engine\08. Scripts</Filter>
    </ClInclude>
    <ClInclude Include="CCollisionMgr.h">
      <Filter>Engine\03. Manager\09. CollisionMgr</Filter>
    </ClInclude>
    <ClInclude Include="CCollider2D.h">
      <Filter>Engine\06. Component\05. Collider2D</Filter>
    </ClInclude>
    <ClInclude Include="func.h">
      <Filter>Engine\00. Header\func</Filter>
    </ClInclude>
    <ClInclude Include="CGrid2DScript.h">
      <Filter>Engine\08. Scripts</Filter>
    </ClInclude>
  </ItemGroup>
  <ItemGroup>
    <ClCompile Include="Engine.cpp">
      <Filter>Default</Filter>
    </ClCompile>
    <ClCompile Include="pch.cpp">
      <Filter>Default</Filter>
    </ClCompile>
    <ClCompile Include="CEngine.cpp">
      <Filter>Engine\01. Engine</Filter>
    </ClCompile>
    <ClCompile Include="CDevice.cpp">
      <Filter>Engine\02. Device</Filter>
    </ClCompile>
    <ClCompile Include="CEntity.cpp">
      <Filter>Engine\08. Scripts\Module</Filter>
    </ClCompile>
    <ClCompile Include="CLevel.cpp">
      <Filter>Engine\04. Level</Filter>
    </ClCompile>
    <ClCompile Include="CTimeMgr.cpp">
      <Filter>Engine\03. Manager\01. TimeMgr</Filter>
    </ClCompile>
    <ClCompile Include="CKeyMgr.cpp">
      <Filter>Engine\03. Manager\02. KeyMgr</Filter>
    </ClCompile>
    <ClCompile Include="CLevelMgr.cpp">
      <Filter>Engine\03. Manager\03. LevelMgr</Filter>
    </ClCompile>
    <ClCompile Include="CPathMgr.cpp">
      <Filter>Engine\03. Manager\04. PathMgr</Filter>
    </ClCompile>
    <ClCompile Include="CRes.cpp">
      <Filter>Engine\07. Resource</Filter>
    </ClCompile>
    <ClCompile Include="CMesh.cpp">
      <Filter>Engine\07. Resource\01. Mesh</Filter>
    </ClCompile>
    <ClCompile Include="CShader.cpp">
      <Filter>Engine\07. Resource\03. Shader</Filter>
    </ClCompile>
    <ClCompile Include="CResMgr.cpp">
      <Filter>Engine\03. Manager\05. ResMgr</Filter>
    </ClCompile>
    <ClCompile Include="CConstBuffer.cpp">
      <Filter>Engine\02. Device\01. Buffer</Filter>
    </ClCompile>
    <ClCompile Include="CGraphicsShader.cpp">
      <Filter>Engine\07. Resource\03. Shader\GraphicsShader</Filter>
    </ClCompile>
    <ClCompile Include="CGameObject.cpp">
      <Filter>Engine\05. GameObject</Filter>
    </ClCompile>
    <ClCompile Include="CTransform.cpp">
      <Filter>Engine\06. Component\01. Transform</Filter>
    </ClCompile>
    <ClCompile Include="CLayer.cpp">
      <Filter>Engine\04. Level</Filter>
    </ClCompile>
    <ClCompile Include="CComponent.cpp">
      <Filter>Engine\06. Component</Filter>
    </ClCompile>
    <ClCompile Include="CTexture.cpp">
      <Filter>Engine\07. Resource\02. Texture</Filter>
    </ClCompile>
    <ClCompile Include="CMaterial.cpp">
      <Filter>Engine\07. Resource\04. Material</Filter>
    </ClCompile>
    <ClCompile Include="CScript.cpp">
      <Filter>Engine\06. Component\03. Script</Filter>
    </ClCompile>
    <ClCompile Include="CPlayerScript.cpp">
      <Filter>Engine\08. Scripts</Filter>
    </ClCompile>
    <ClCompile Include="CRenderComponent.cpp">
      <Filter>Engine\06. Component\02. RenderComponent</Filter>
    </ClCompile>
    <ClCompile Include="CMeshRender.cpp">
      <Filter>Engine\06. Component\02. RenderComponent\MeshRender</Filter>
    </ClCompile>
    <ClCompile Include="CMonsterScript.cpp">
      <Filter>Engine\08. Scripts</Filter>
    </ClCompile>
    <ClCompile Include="CCamera.cpp">
      <Filter>Engine\06. Component\04. Camera</Filter>
    </ClCompile>
    <ClCompile Include="CCameraScript.cpp">
      <Filter>Engine\08. Scripts\Module</Filter>
    </ClCompile>
    <ClCompile Include="CRenderMgr.cpp">
      <Filter>Engine\03. Manager\06. RenderMgr</Filter>
    </ClCompile>
    <ClCompile Include="CEventMgr.cpp">
      <Filter>Engine\03. Manager\07. EventMgr</Filter>
    </ClCompile>
    <ClCompile Include="QuadNode.cpp">
      <Filter>Engine\09. Optimize</Filter>
    </ClCompile>
    <ClCompile Include="QuadTree.cpp">
      <Filter>Engine\09. Optimize</Filter>
    </ClCompile>
    <ClCompile Include="CDrag.cpp">
      <Filter>Engine\05. GameObject\Drag</Filter>
    </ClCompile>
    <ClCompile Include="CDragScript.cpp">
      <Filter>Engine\08. Scripts\08_1. Mouse</Filter>
    </ClCompile>
    <ClCompile Include="CPrefab.cpp">
      <Filter>Engine\03. Manager\08. Prefab</Filter>
    </ClCompile>
    <ClCompile Include="CResMgr_init.cpp">
      <Filter>Engine\03. Manager\05. ResMgr</Filter>
    </ClCompile>
    <ClCompile Include="CMissileScript.cpp">
      <Filter>Engine\08. Scripts</Filter>
    </ClCompile>
    <ClCompile Include="CCollisionMgr.cpp">
      <Filter>Engine\03. Manager\09. CollisionMgr</Filter>
    </ClCompile>
    <ClCompile Include="CCollider2D.cpp">
      <Filter>Engine\06. Component\05. Collider2D</Filter>
    </ClCompile>
    <ClCompile Include="func.cpp">
      <Filter>Engine\00. Header\func</Filter>
    </ClCompile>
    <ClCompile Include="CGrid2DScript.cpp">
      <Filter>Engine\08. Scripts</Filter>
    </ClCompile>
  </ItemGroup>
  <ItemGroup>
    <None Include="SimpleMath.inl">
      <Filter>Engine\08. Scripts\Module</Filter>
    </None>
  </ItemGroup>
  <ItemGroup>
    <FxCompile Include="test.fx">
      <Filter>HLSL</Filter>
    </FxCompile>
    <FxCompile Include="register.fx">
      <Filter>HLSL</Filter>
    </FxCompile>
    <FxCompile Include="std2d.fx">
      <Filter>HLSL</Filter>
    </FxCompile>
    <FxCompile Include="editor.fx">
      <Filter>HLSL</Filter>
    </FxCompile>
    <FxCompile Include="DragEffect.fx">
      <Filter>HLSL</Filter>
    </FxCompile>
    <FxCompile Include="debugdraw.fx">
      <Filter>HLSL</Filter>
    </FxCompile>
  </ItemGroup>
</Project>